
Microsoft Visual Studio Solution File, Format Version 12.00
# Visual Studio 15
VisualStudioVersion = 15.0.28307.271
MinimumVisualStudioVersion = 10.0.40219.1
Project("{9A19103F-16F7-4668-BE54-9A1E7A4F7556}") = "Proje.DataAccess", "Proje.DataAccess\Proje.DataAccess.csproj", "{121C163D-1D35-4FEC-97E6-86D5133C91F7}"
EndProject
Project("{9A19103F-16F7-4668-BE54-9A1E7A4F7556}") = "Proje.Entity", "Proje.Entity\Proje.Entity.csproj", "{499D401E-A37B-4860-AD20-9500622705BF}"
EndProject
Project("{9A19103F-16F7-4668-BE54-9A1E7A4F7556}") = "Proje.Interface", "Proje.Interface\Proje.Interface.csproj", "{B9AEDE1A-2BAA-47AE-800E-5C9976847EA2}"
EndProject
Project("{9A19103F-16F7-4668-BE54-9A1E7A4F7556}") = "Proje.Business", "Proje.Business\Proje.Business.csproj", "{73E02995-6C18-47D4-B18F-E6B6125EEEC0}"
EndProject
Project("{9A19103F-16F7-4668-BE54-9A1E7A4F7556}") = "Proje.AspNetCoreWebApi", "Proje.AspNetCoreWebApi\Proje.AspNetCoreWebApi.csproj", "{EF96FD66-4FB1-414E-B737-7399078E0C8F}"
EndProject
Global
	GlobalSection(SolutionConfigurationPlatforms) = preSolution
		Debug|Any CPU = Debug|Any CPU
		Release|Any CPU = Release|Any CPU
	EndGlobalSection
	GlobalSection(ProjectConfigurationPlatforms) = postSolution
		{121C163D-1D35-4FEC-97E6-86D5133C91F7}.Debug|Any CPU.ActiveCfg = Debug|Any CPU
		{121C163D-1D35-4FEC-97E6-86D5133C91F7}.Debug|Any CPU.Build.0 = Debug|Any CPU
		{121C163D-1D35-4FEC-97E6-86D5133C91F7}.Release|Any CPU.ActiveCfg = Release|Any CPU
		{121C163D-1D35-4FEC-97E6-86D5133C91F7}.Release|Any CPU.Build.0 = Release|Any CPU
		{499D401E-A37B-4860-AD20-9500622705BF}.Debug|Any CPU.ActiveCfg = Debug|Any CPU
		{499D401E-A37B-4860-AD20-9500622705BF}.Debug|Any CPU.Build.0 = Debug|Any CPU
		{499D401E-A37B-4860-AD20-9500622705BF}.Release|Any CPU.ActiveCfg = Release|Any CPU
		{499D401E-A37B-4860-AD20-9500622705BF}.Release|Any CPU.Build.0 = Release|Any CPU
		{B9AEDE1A-2BAA-47AE-800E-5C9976847EA2}.Debug|Any CPU.ActiveCfg = Debug|Any CPU
		{B9AEDE1A-2BAA-47AE-800E-5C9976847EA2}.Debug|Any CPU.Build.0 = Debug|Any CPU
		{B9AEDE1A-2BAA-47AE-800E-5C9976847EA2}.Release|Any CPU.ActiveCfg = Release|Any CPU
		{B9AEDE1A-2BAA-47AE-800E-5C9976847EA2}.Release|Any CPU.Build.0 = Release|Any CPU
		{73E02995-6C18-47D4-B18F-E6B6125EEEC0}.Debug|Any CPU.ActiveCfg = Debug|Any CPU
		{73E02995-6C18-47D4-B18F-E6B6125EEEC0}.Debug|Any CPU.Build.0 = Debug|Any CPU
		{73E02995-6C18-47D4-B18F-E6B6125EEEC0}.Release|Any CPU.ActiveCfg = Release|Any CPU
		{73E02995-6C18-47D4-B18F-E6B6125EEEC0}.Release|Any CPU.Build.0 = Release|Any CPU
		{EF96FD66-4FB1-414E-B737-7399078E0C8F}.Debug|Any CPU.ActiveCfg = Debug|Any CPU
		{EF96FD66-4FB1-414E-B737-7399078E0C8F}.Debug|Any CPU.Build.0 = Debug|Any CPU
		{EF96FD66-4FB1-414E-B737-7399078E0C8F}.Release|Any CPU.ActiveCfg = Release|Any CPU
		{EF96FD66-4FB1-414E-B737-7399078E0C8F}.Release|Any CPU.Build.0 = Release|Any CPU
	EndGlobalSection
	GlobalSection(SolutionProperties) = preSolution
		HideSolutionNode = FALSE
	EndGlobalSection
	GlobalSection(ExtensibilityGlobals) = postSolution
		SolutionGuid = {8703FC6A-849C-4346-A5B3-1B474CBC1655}
	EndGlobalSection
EndGlobal
